
Microsoft Visual Studio Solution File, Format Version 12.00
# Visual Studio Version 17
VisualStudioVersion = 17.5.33424.131
MinimumVisualStudioVersion = 10.0.40219.1
Project("{FAE04EC0-301F-11D3-BF4B-00C04F79EFBC}") = "u21565687_HW03", "u21565687_HW03\u21565687_HW03.csproj", "{B651B21E-6427-4B63-BC3D-F36E235438D9}"
EndProject
Global
	GlobalSection(SolutionConfigurationPlatforms) = preSolution
		Debug|Any CPU = Debug|Any CPU
		Release|Any CPU = Release|Any CPU
	EndGlobalSection
	GlobalSection(ProjectConfigurationPlatforms) = postSolution
		{B651B21E-6427-4B63-BC3D-F36E235438D9}.Debug|Any CPU.ActiveCfg = Debug|Any CPU
		{B651B21E-6427-4B63-BC3D-F36E235438D9}.Debug|Any CPU.Build.0 = Debug|Any CPU
		{B651B21E-6427-4B63-BC3D-F36E235438D9}.Release|Any CPU.ActiveCfg = Release|Any CPU
		{B651B21E-6427-4B63-BC3D-F36E235438D9}.Release|Any CPU.Build.0 = Release|Any CPU
	EndGlobalSection
	GlobalSection(SolutionProperties) = preSolution
		HideSolutionNode = FALSE
	EndGlobalSection
	GlobalSection(ExtensibilityGlobals) = postSolution
		SolutionGuid = {58E4AF1D-51C0-49C6-831D-BD04AA999051}
	EndGlobalSection
EndGlobal
